
Microsoft Visual Studio Solution File, Format Version 10.00
# Visual Studio 2008
Project("{8BC9CEB8-8B4A-11D0-8D11-00A0C91BC942}") = "aspia", "aspia_exe\aspia.vcproj", "{6ED4C44D-8AEB-4F4D-9E70-C3F06203F321}"
EndProject
Project("{8BC9CEB8-8B4A-11D0-8D11-00A0C91BC942}") = "ru-RU", "languages\ru-RU\ru-RU.vcproj", "{E4D72312-EA0D-4236-AEBE-472DE543669D}"
EndProject
Project("{8BC9CEB8-8B4A-11D0-8D11-00A0C91BC942}") = "uk-UA", "languages\uk-UA\uk-UA.vcproj", "{752C64F4-0CDE-4D2F-99F4-E58E18FE8705}"
EndProject
Project("{2150E333-8FDC-42A3-9474-1A3956D46DE8}") = "languages", "languages", "{12485EE8-336A-4C0D-85C5-C67B8293EB8E}"
EndProject
Project("{2150E333-8FDC-42A3-9474-1A3956D46DE8}") = "icons", "icons", "{C0522561-A080-4D52-A327-8CD74BAF594D}"
EndProject
Project("{8BC9CEB8-8B4A-11D0-8D11-00A0C91BC942}") = "diskbench", "diskbench\diskbench.vcproj", "{8BC53AD3-9D1F-454D-A536-5BA04A72A3D2}"
EndProject
Project("{8BC9CEB8-8B4A-11D0-8D11-00A0C91BC942}") = "aspia_sys", "aspia_sys\aspia_drv.vcproj", "{E05D293E-15CC-401F-9D2C-FAA263B34C98}"
EndProject
Project("{8BC9CEB8-8B4A-11D0-8D11-00A0C91BC942}") = "oxygen_icons", "icons\oxygen\oxygen_icons.vcproj", "{F7A406F1-FBEC-421A-9646-F0EB887CC02E}"
EndProject
Project("{8BC9CEB8-8B4A-11D0-8D11-00A0C91BC942}") = "en-US", "languages\en-US\en-US.vcproj", "{598675F1-45FF-4941-8336-BEA2D9DCBBBB}"
EndProject
Project("{8BC9CEB8-8B4A-11D0-8D11-00A0C91BC942}") = "tango_icons", "icons\tango\tango_icons.vcproj", "{A859DE4E-3E73-46A9-984B-164882C093CB}"
EndProject
Project("{8BC9CEB8-8B4A-11D0-8D11-00A0C91BC942}") = "helper_dll", "helper_dll\helper.vcproj", "{B7D8AE56-5576-429E-B793-751AAF3CEE87}"
EndProject
Project("{8BC9CEB8-8B4A-11D0-8D11-00A0C91BC942}") = "aspia_dll", "aspia_dll\aspia_dll.vcproj", "{EC6ABB07-436F-4970-80D0-ABFAA22126C3}"
EndProject
Project("{8BC9CEB8-8B4A-11D0-8D11-00A0C91BC942}") = "aspiad_exe", "aspiad_exe\aspiad.vcproj", "{D6C7508C-80F6-458A-AA23-3BC7E545BFEB}"
EndProject
Global
	GlobalSection(SolutionConfigurationPlatforms) = preSolution
		Debug|Win32 = Debug|Win32
		Debug|x64 = Debug|x64
		Release|Win32 = Release|Win32
		Release|x64 = Release|x64
	EndGlobalSection
	GlobalSection(ProjectConfigurationPlatforms) = postSolution
		{6ED4C44D-8AEB-4F4D-9E70-C3F06203F321}.Debug|Win32.ActiveCfg = Debug|Win32
		{6ED4C44D-8AEB-4F4D-9E70-C3F06203F321}.Debug|Win32.Build.0 = Debug|Win32
		{6ED4C44D-8AEB-4F4D-9E70-C3F06203F321}.Debug|x64.ActiveCfg = Debug|x64
		{6ED4C44D-8AEB-4F4D-9E70-C3F06203F321}.Debug|x64.Build.0 = Debug|x64
		{6ED4C44D-8AEB-4F4D-9E70-C3F06203F321}.Release|Win32.ActiveCfg = Release|Win32
		{6ED4C44D-8AEB-4F4D-9E70-C3F06203F321}.Release|Win32.Build.0 = Release|Win32
		{6ED4C44D-8AEB-4F4D-9E70-C3F06203F321}.Release|x64.ActiveCfg = Release|x64
		{6ED4C44D-8AEB-4F4D-9E70-C3F06203F321}.Release|x64.Build.0 = Release|x64
		{E4D72312-EA0D-4236-AEBE-472DE543669D}.Debug|Win32.ActiveCfg = Debug|Win32
		{E4D72312-EA0D-4236-AEBE-472DE543669D}.Debug|Win32.Build.0 = Debug|Win32
		{E4D72312-EA0D-4236-AEBE-472DE543669D}.Debug|x64.ActiveCfg = Debug|x64
		{E4D72312-EA0D-4236-AEBE-472DE543669D}.Debug|x64.Build.0 = Debug|x64
		{E4D72312-EA0D-4236-AEBE-472DE543669D}.Release|Win32.ActiveCfg = Release|Win32
		{E4D72312-EA0D-4236-AEBE-472DE543669D}.Release|Win32.Build.0 = Release|Win32
		{E4D72312-EA0D-4236-AEBE-472DE543669D}.Release|x64.ActiveCfg = Release|x64
		{E4D72312-EA0D-4236-AEBE-472DE543669D}.Release|x64.Build.0 = Release|x64
		{752C64F4-0CDE-4D2F-99F4-E58E18FE8705}.Debug|Win32.ActiveCfg = Debug|Win32
		{752C64F4-0CDE-4D2F-99F4-E58E18FE8705}.Debug|Win32.Build.0 = Debug|Win32
		{752C64F4-0CDE-4D2F-99F4-E58E18FE8705}.Debug|x64.ActiveCfg = Debug|x64
		{752C64F4-0CDE-4D2F-99F4-E58E18FE8705}.Debug|x64.Build.0 = Debug|x64
		{752C64F4-0CDE-4D2F-99F4-E58E18FE8705}.Release|Win32.ActiveCfg = Release|Win32
		{752C64F4-0CDE-4D2F-99F4-E58E18FE8705}.Release|Win32.Build.0 = Release|Win32
		{752C64F4-0CDE-4D2F-99F4-E58E18FE8705}.Release|x64.ActiveCfg = Release|x64
		{752C64F4-0CDE-4D2F-99F4-E58E18FE8705}.Release|x64.Build.0 = Release|x64
		{8BC53AD3-9D1F-454D-A536-5BA04A72A3D2}.Debug|Win32.ActiveCfg = Debug|Win32
		{8BC53AD3-9D1F-454D-A536-5BA04A72A3D2}.Debug|Win32.Build.0 = Debug|Win32
		{8BC53AD3-9D1F-454D-A536-5BA04A72A3D2}.Debug|x64.ActiveCfg = Debug|x64
		{8BC53AD3-9D1F-454D-A536-5BA04A72A3D2}.Debug|x64.Build.0 = Debug|x64
		{8BC53AD3-9D1F-454D-A536-5BA04A72A3D2}.Release|Win32.ActiveCfg = Release|Win32
		{8BC53AD3-9D1F-454D-A536-5BA04A72A3D2}.Release|Win32.Build.0 = Release|Win32
		{8BC53AD3-9D1F-454D-A536-5BA04A72A3D2}.Release|x64.ActiveCfg = Release|x64
		{8BC53AD3-9D1F-454D-A536-5BA04A72A3D2}.Release|x64.Build.0 = Release|x64
		{E05D293E-15CC-401F-9D2C-FAA263B34C98}.Debug|Win32.ActiveCfg = Debug|Win32
		{E05D293E-15CC-401F-9D2C-FAA263B34C98}.Debug|Win32.Build.0 = Debug|Win32
		{E05D293E-15CC-401F-9D2C-FAA263B34C98}.Debug|x64.ActiveCfg = Debug|x64
		{E05D293E-15CC-401F-9D2C-FAA263B34C98}.Debug|x64.Build.0 = Debug|x64
		{E05D293E-15CC-401F-9D2C-FAA263B34C98}.Release|Win32.ActiveCfg = Release|Win32
		{E05D293E-15CC-401F-9D2C-FAA263B34C98}.Release|Win32.Build.0 = Release|Win32
		{E05D293E-15CC-401F-9D2C-FAA263B34C98}.Release|x64.ActiveCfg = Release|x64
		{E05D293E-15CC-401F-9D2C-FAA263B34C98}.Release|x64.Build.0 = Release|x64
		{F7A406F1-FBEC-421A-9646-F0EB887CC02E}.Debug|Win32.ActiveCfg = Debug|Win32
		{F7A406F1-FBEC-421A-9646-F0EB887CC02E}.Debug|Win32.Build.0 = Debug|Win32
		{F7A406F1-FBEC-421A-9646-F0EB887CC02E}.Debug|x64.ActiveCfg = Debug|x64
		{F7A406F1-FBEC-421A-9646-F0EB887CC02E}.Debug|x64.Build.0 = Debug|x64
		{F7A406F1-FBEC-421A-9646-F0EB887CC02E}.Release|Win32.ActiveCfg = Release|Win32
		{F7A406F1-FBEC-421A-9646-F0EB887CC02E}.Release|Win32.Build.0 = Release|Win32
		{F7A406F1-FBEC-421A-9646-F0EB887CC02E}.Release|x64.ActiveCfg = Release|x64
		{F7A406F1-FBEC-421A-9646-F0EB887CC02E}.Release|x64.Build.0 = Release|x64
		{598675F1-45FF-4941-8336-BEA2D9DCBBBB}.Debug|Win32.ActiveCfg = Debug|Win32
		{598675F1-45FF-4941-8336-BEA2D9DCBBBB}.Debug|Win32.Build.0 = Debug|Win32
		{598675F1-45FF-4941-8336-BEA2D9DCBBBB}.Debug|x64.ActiveCfg = Debug|x64
		{598675F1-45FF-4941-8336-BEA2D9DCBBBB}.Debug|x64.Build.0 = Debug|x64
		{598675F1-45FF-4941-8336-BEA2D9DCBBBB}.Release|Win32.ActiveCfg = Release|Win32
		{598675F1-45FF-4941-8336-BEA2D9DCBBBB}.Release|Win32.Build.0 = Release|Win32
		{598675F1-45FF-4941-8336-BEA2D9DCBBBB}.Release|x64.ActiveCfg = Release|x64
		{598675F1-45FF-4941-8336-BEA2D9DCBBBB}.Release|x64.Build.0 = Release|x64
		{A859DE4E-3E73-46A9-984B-164882C093CB}.Debug|Win32.ActiveCfg = Debug|Win32
		{A859DE4E-3E73-46A9-984B-164882C093CB}.Debug|Win32.Build.0 = Debug|Win32
		{A859DE4E-3E73-46A9-984B-164882C093CB}.Debug|x64.ActiveCfg = Debug|x64
		{A859DE4E-3E73-46A9-984B-164882C093CB}.Debug|x64.Build.0 = Debug|x64
		{A859DE4E-3E73-46A9-984B-164882C093CB}.Release|Win32.ActiveCfg = Release|Win32
		{A859DE4E-3E73-46A9-984B-164882C093CB}.Release|Win32.Build.0 = Release|Win32
		{A859DE4E-3E73-46A9-984B-164882C093CB}.Release|x64.ActiveCfg = Release|x64
		{A859DE4E-3E73-46A9-984B-164882C093CB}.Release|x64.Build.0 = Release|x64
		{B7D8AE56-5576-429E-B793-751AAF3CEE87}.Debug|Win32.ActiveCfg = Debug|Win32
		{B7D8AE56-5576-429E-B793-751AAF3CEE87}.Debug|Win32.Build.0 = Debug|Win32
		{B7D8AE56-5576-429E-B793-751AAF3CEE87}.Debug|x64.ActiveCfg = Debug|x64
		{B7D8AE56-5576-429E-B793-751AAF3CEE87}.Debug|x64.Build.0 = Debug|x64
		{B7D8AE56-5576-429E-B793-751AAF3CEE87}.Release|Win32.ActiveCfg = Release|Win32
		{B7D8AE56-5576-429E-B793-751AAF3CEE87}.Release|Win32.Build.0 = Release|Win32
		{B7D8AE56-5576-429E-B793-751AAF3CEE87}.Release|x64.ActiveCfg = Release|x64
		{B7D8AE56-5576-429E-B793-751AAF3CEE87}.Release|x64.Build.0 = Release|x64
		{EC6ABB07-436F-4970-80D0-ABFAA22126C3}.Debug|Win32.ActiveCfg = Debug|Win32
		{EC6ABB07-436F-4970-80D0-ABFAA22126C3}.Debug|Win32.Build.0 = Debug|Win32
		{EC6ABB07-436F-4970-80D0-ABFAA22126C3}.Debug|x64.ActiveCfg = Debug|x64
		{EC6ABB07-436F-4970-80D0-ABFAA22126C3}.Debug|x64.Build.0 = Debug|x64
		{EC6ABB07-436F-4970-80D0-ABFAA22126C3}.Release|Win32.ActiveCfg = Release|Win32
		{EC6ABB07-436F-4970-80D0-ABFAA22126C3}.Release|Win32.Build.0 = Release|Win32
		{EC6ABB07-436F-4970-80D0-ABFAA22126C3}.Release|x64.ActiveCfg = Release|x64
		{EC6ABB07-436F-4970-80D0-ABFAA22126C3}.Release|x64.Build.0 = Release|x64
		{D6C7508C-80F6-458A-AA23-3BC7E545BFEB}.Debug|Win32.ActiveCfg = Debug|Win32
		{D6C7508C-80F6-458A-AA23-3BC7E545BFEB}.Debug|Win32.Build.0 = Debug|Win32
		{D6C7508C-80F6-458A-AA23-3BC7E545BFEB}.Debug|x64.ActiveCfg = Debug|x64
		{D6C7508C-80F6-458A-AA23-3BC7E545BFEB}.Debug|x64.Build.0 = Debug|x64
		{D6C7508C-80F6-458A-AA23-3BC7E545BFEB}.Release|Win32.ActiveCfg = Release|Win32
		{D6C7508C-80F6-458A-AA23-3BC7E545BFEB}.Release|Win32.Build.0 = Release|Win32
		{D6C7508C-80F6-458A-AA23-3BC7E545BFEB}.Release|x64.ActiveCfg = Release|x64
		{D6C7508C-80F6-458A-AA23-3BC7E545BFEB}.Release|x64.Build.0 = Release|x64
	EndGlobalSection
	GlobalSection(SolutionProperties) = preSolution
		HideSolutionNode = FALSE
	EndGlobalSection
	GlobalSection(NestedProjects) = preSolution
		{752C64F4-0CDE-4D2F-99F4-E58E18FE8705} = {12485EE8-336A-4C0D-85C5-C67B8293EB8E}
		{E4D72312-EA0D-4236-AEBE-472DE543669D} = {12485EE8-336A-4C0D-85C5-C67B8293EB8E}
		{598675F1-45FF-4941-8336-BEA2D9DCBBBB} = {12485EE8-336A-4C0D-85C5-C67B8293EB8E}
		{F7A406F1-FBEC-421A-9646-F0EB887CC02E} = {C0522561-A080-4D52-A327-8CD74BAF594D}
		{A859DE4E-3E73-46A9-984B-164882C093CB} = {C0522561-A080-4D52-A327-8CD74BAF594D}
	EndGlobalSection
EndGlobal
