
Microsoft Visual Studio Solution File, Format Version 10.00
# Visual Studio 2008
Project("{8BC9CEB8-8B4A-11D0-8D11-00A0C91BC942}") = "aspia_exe", "aspia_exe\aspia.vcproj", "{6ED4C44D-8AEB-4F4D-9E70-C3F06203F321}"
EndProject
Project("{2150E333-8FDC-42A3-9474-1A3956D46DE8}") = "icons", "icons", "{C0522561-A080-4D52-A327-8CD74BAF594D}"
EndProject
Project("{8BC9CEB8-8B4A-11D0-8D11-00A0C91BC942}") = "aspia_sys", "aspia_sys\aspia_drv.vcproj", "{E05D293E-15CC-401F-9D2C-FAA263B34C98}"
EndProject
Project("{8BC9CEB8-8B4A-11D0-8D11-00A0C91BC942}") = "oxygen_icons", "icons\oxygen\oxygen_icons.vcproj", "{F7A406F1-FBEC-421A-9646-F0EB887CC02E}"
EndProject
Project("{8BC9CEB8-8B4A-11D0-8D11-00A0C91BC942}") = "tango_icons", "icons\tango\tango_icons.vcproj", "{A859DE4E-3E73-46A9-984B-164882C093CB}"
EndProject
Project("{8BC9CEB8-8B4A-11D0-8D11-00A0C91BC942}") = "helper_dll", "helper_dll\helper.vcproj", "{B7D8AE56-5576-429E-B793-751AAF3CEE87}"
EndProject
Global
	GlobalSection(SolutionConfigurationPlatforms) = preSolution
		Debug|Win32 = Debug|Win32
		Debug|x64 = Debug|x64
		Release|Win32 = Release|Win32
		Release|x64 = Release|x64
	EndGlobalSection
	GlobalSection(ProjectConfigurationPlatforms) = postSolution
		{6ED4C44D-8AEB-4F4D-9E70-C3F06203F321}.Debug|Win32.ActiveCfg = Debug|Win32
		{6ED4C44D-8AEB-4F4D-9E70-C3F06203F321}.Debug|Win32.Build.0 = Debug|Win32
		{6ED4C44D-8AEB-4F4D-9E70-C3F06203F321}.Debug|x64.ActiveCfg = Debug|x64
		{6ED4C44D-8AEB-4F4D-9E70-C3F06203F321}.Debug|x64.Build.0 = Debug|x64
		{6ED4C44D-8AEB-4F4D-9E70-C3F06203F321}.Release|Win32.ActiveCfg = Release|Win32
		{6ED4C44D-8AEB-4F4D-9E70-C3F06203F321}.Release|Win32.Build.0 = Release|Win32
		{6ED4C44D-8AEB-4F4D-9E70-C3F06203F321}.Release|x64.ActiveCfg = Release|x64
		{6ED4C44D-8AEB-4F4D-9E70-C3F06203F321}.Release|x64.Build.0 = Release|x64
		{E05D293E-15CC-401F-9D2C-FAA263B34C98}.Debug|Win32.ActiveCfg = Debug|Win32
		{E05D293E-15CC-401F-9D2C-FAA263B34C98}.Debug|Win32.Build.0 = Debug|Win32
		{E05D293E-15CC-401F-9D2C-FAA263B34C98}.Debug|x64.ActiveCfg = Debug|x64
		{E05D293E-15CC-401F-9D2C-FAA263B34C98}.Debug|x64.Build.0 = Debug|x64
		{E05D293E-15CC-401F-9D2C-FAA263B34C98}.Release|Win32.ActiveCfg = Release|Win32
		{E05D293E-15CC-401F-9D2C-FAA263B34C98}.Release|Win32.Build.0 = Release|Win32
		{E05D293E-15CC-401F-9D2C-FAA263B34C98}.Release|x64.ActiveCfg = Release|x64
		{E05D293E-15CC-401F-9D2C-FAA263B34C98}.Release|x64.Build.0 = Release|x64
		{F7A406F1-FBEC-421A-9646-F0EB887CC02E}.Debug|Win32.ActiveCfg = Debug|Win32
		{F7A406F1-FBEC-421A-9646-F0EB887CC02E}.Debug|Win32.Build.0 = Debug|Win32
		{F7A406F1-FBEC-421A-9646-F0EB887CC02E}.Debug|x64.ActiveCfg = Debug|x64
		{F7A406F1-FBEC-421A-9646-F0EB887CC02E}.Debug|x64.Build.0 = Debug|x64
		{F7A406F1-FBEC-421A-9646-F0EB887CC02E}.Release|Win32.ActiveCfg = Release|Win32
		{F7A406F1-FBEC-421A-9646-F0EB887CC02E}.Release|Win32.Build.0 = Release|Win32
		{F7A406F1-FBEC-421A-9646-F0EB887CC02E}.Release|x64.ActiveCfg = Release|x64
		{F7A406F1-FBEC-421A-9646-F0EB887CC02E}.Release|x64.Build.0 = Release|x64
		{A859DE4E-3E73-46A9-984B-164882C093CB}.Debug|Win32.ActiveCfg = Debug|Win32
		{A859DE4E-3E73-46A9-984B-164882C093CB}.Debug|Win32.Build.0 = Debug|Win32
		{A859DE4E-3E73-46A9-984B-164882C093CB}.Debug|x64.ActiveCfg = Debug|x64
		{A859DE4E-3E73-46A9-984B-164882C093CB}.Debug|x64.Build.0 = Debug|x64
		{A859DE4E-3E73-46A9-984B-164882C093CB}.Release|Win32.ActiveCfg = Release|Win32
		{A859DE4E-3E73-46A9-984B-164882C093CB}.Release|Win32.Build.0 = Release|Win32
		{A859DE4E-3E73-46A9-984B-164882C093CB}.Release|x64.ActiveCfg = Release|x64
		{A859DE4E-3E73-46A9-984B-164882C093CB}.Release|x64.Build.0 = Release|x64
		{B7D8AE56-5576-429E-B793-751AAF3CEE87}.Debug|Win32.ActiveCfg = Debug|Win32
		{B7D8AE56-5576-429E-B793-751AAF3CEE87}.Debug|Win32.Build.0 = Debug|Win32
		{B7D8AE56-5576-429E-B793-751AAF3CEE87}.Debug|x64.ActiveCfg = Debug|x64
		{B7D8AE56-5576-429E-B793-751AAF3CEE87}.Debug|x64.Build.0 = Debug|x64
		{B7D8AE56-5576-429E-B793-751AAF3CEE87}.Release|Win32.ActiveCfg = Release|Win32
		{B7D8AE56-5576-429E-B793-751AAF3CEE87}.Release|Win32.Build.0 = Release|Win32
		{B7D8AE56-5576-429E-B793-751AAF3CEE87}.Release|x64.ActiveCfg = Release|x64
		{B7D8AE56-5576-429E-B793-751AAF3CEE87}.Release|x64.Build.0 = Release|x64
	EndGlobalSection
	GlobalSection(SolutionProperties) = preSolution
		HideSolutionNode = FALSE
	EndGlobalSection
	GlobalSection(NestedProjects) = preSolution
		{F7A406F1-FBEC-421A-9646-F0EB887CC02E} = {C0522561-A080-4D52-A327-8CD74BAF594D}
		{A859DE4E-3E73-46A9-984B-164882C093CB} = {C0522561-A080-4D52-A327-8CD74BAF594D}
	EndGlobalSection
EndGlobal
